
Microsoft Visual Studio Solution File, Format Version 12.00
# Visual Studio Version 16
VisualStudioVersion = 16.0.31515.178
MinimumVisualStudioVersion = 10.0.40219.1
Project("{2150E333-8FDC-42A3-9474-1A3956D46DE8}") = "Service", "Service", "{50FECB0A-2FEC-4D1C-9216-658448013A2E}"
EndProject
Project("{2150E333-8FDC-42A3-9474-1A3956D46DE8}") = "Catalog", "Catalog", "{47E08B4C-53F2-46DE-8386-D46B02BFF983}"
EndProject
Project("{9A19103F-16F7-4668-BE54-9A1E7A4F7556}") = "Catalog.API", "Services\Catalog\Catalog.API\Catalog.API.csproj", "{95017B57-740D-4B82-BE41-381F6860FA0F}"
EndProject
Project("{E53339B2-1760-4266-BCC7-CA923CBCF16C}") = "docker-compose", "docker-compose.dcproj", "{12494568-63D8-4D5C-A569-5E3340A3F5D7}"
EndProject
Project("{2150E333-8FDC-42A3-9474-1A3956D46DE8}") = "Basket", "Basket", "{9EA65D23-B7D7-4402-A364-F16B943E6E2A}"
EndProject
Project("{FAE04EC0-301F-11D3-BF4B-00C04F79EFBC}") = "Basket.API", "Services\Basket\Basket.API\Basket.API.csproj", "{41E5A0AE-085F-41B1-8D4B-BE27D9B6578B}"
EndProject
Global
	GlobalSection(SolutionConfigurationPlatforms) = preSolution
		Debug|Any CPU = Debug|Any CPU
		Release|Any CPU = Release|Any CPU
	EndGlobalSection
	GlobalSection(ProjectConfigurationPlatforms) = postSolution
		{95017B57-740D-4B82-BE41-381F6860FA0F}.Debug|Any CPU.ActiveCfg = Debug|Any CPU
		{95017B57-740D-4B82-BE41-381F6860FA0F}.Debug|Any CPU.Build.0 = Debug|Any CPU
		{95017B57-740D-4B82-BE41-381F6860FA0F}.Release|Any CPU.ActiveCfg = Release|Any CPU
		{95017B57-740D-4B82-BE41-381F6860FA0F}.Release|Any CPU.Build.0 = Release|Any CPU
		{12494568-63D8-4D5C-A569-5E3340A3F5D7}.Debug|Any CPU.ActiveCfg = Debug|Any CPU
		{12494568-63D8-4D5C-A569-5E3340A3F5D7}.Debug|Any CPU.Build.0 = Debug|Any CPU
		{12494568-63D8-4D5C-A569-5E3340A3F5D7}.Release|Any CPU.ActiveCfg = Release|Any CPU
		{12494568-63D8-4D5C-A569-5E3340A3F5D7}.Release|Any CPU.Build.0 = Release|Any CPU
		{41E5A0AE-085F-41B1-8D4B-BE27D9B6578B}.Debug|Any CPU.ActiveCfg = Debug|Any CPU
		{41E5A0AE-085F-41B1-8D4B-BE27D9B6578B}.Debug|Any CPU.Build.0 = Debug|Any CPU
		{41E5A0AE-085F-41B1-8D4B-BE27D9B6578B}.Release|Any CPU.ActiveCfg = Release|Any CPU
		{41E5A0AE-085F-41B1-8D4B-BE27D9B6578B}.Release|Any CPU.Build.0 = Release|Any CPU
	EndGlobalSection
	GlobalSection(SolutionProperties) = preSolution
		HideSolutionNode = FALSE
	EndGlobalSection
	GlobalSection(NestedProjects) = preSolution
		{47E08B4C-53F2-46DE-8386-D46B02BFF983} = {50FECB0A-2FEC-4D1C-9216-658448013A2E}
		{95017B57-740D-4B82-BE41-381F6860FA0F} = {47E08B4C-53F2-46DE-8386-D46B02BFF983}
		{9EA65D23-B7D7-4402-A364-F16B943E6E2A} = {50FECB0A-2FEC-4D1C-9216-658448013A2E}
		{41E5A0AE-085F-41B1-8D4B-BE27D9B6578B} = {9EA65D23-B7D7-4402-A364-F16B943E6E2A}
	EndGlobalSection
	GlobalSection(ExtensibilityGlobals) = postSolution
		SolutionGuid = {7D97995F-CDAF-4870-AA46-FB7BEC051CE2}
	EndGlobalSection
EndGlobal
